// !$*UTF8*$!
{
	archiveVersion = 1;
	classes = {
	};
	objectVersion = 48;
	objects = {

/* Begin PBXBuildFile section */
		0102E4B043FAB43D195C8214 /* Pods_Shots_Implementing.framework in Frameworks */ = {isa = PBXBuildFile; fileRef = 9FC185C4CCBEFB93165DFBB6 /* Pods_Shots_Implementing.framework */; };
		851256001FC6C5AA004A1CD1 /* DetailViewController.swift in Sources */ = {isa = PBXBuildFile; fileRef = 851255FF1FC6C5AA004A1CD1 /* DetailViewController.swift */; };
		8555E8361FBEE5EC00DAB8CA /* AppDelegate.swift in Sources */ = {isa = PBXBuildFile; fileRef = 8555E8351FBEE5EC00DAB8CA /* AppDelegate.swift */; };
		8555E8381FBEE5EC00DAB8CA /* ViewController.swift in Sources */ = {isa = PBXBuildFile; fileRef = 8555E8371FBEE5EC00DAB8CA /* ViewController.swift */; };
		8555E83B1FBEE5EC00DAB8CA /* Main.storyboard in Resources */ = {isa = PBXBuildFile; fileRef = 8555E8391FBEE5EC00DAB8CA /* Main.storyboard */; };
		8555E83D1FBEE5EC00DAB8CA /* Assets.xcassets in Resources */ = {isa = PBXBuildFile; fileRef = 8555E83C1FBEE5EC00DAB8CA /* Assets.xcassets */; };
		8555E8401FBEE5EC00DAB8CA /* LaunchScreen.storyboard in Resources */ = {isa = PBXBuildFile; fileRef = 8555E83E1FBEE5EC00DAB8CA /* LaunchScreen.storyboard */; };
		8555E84B1FBEE5EC00DAB8CA /* Shots_ImplementingTests.swift in Sources */ = {isa = PBXBuildFile; fileRef = 8555E84A1FBEE5EC00DAB8CA /* Shots_ImplementingTests.swift */; };
		8555E8561FBEE5EC00DAB8CA /* Shots_ImplementingUITests.swift in Sources */ = {isa = PBXBuildFile; fileRef = 8555E8551FBEE5EC00DAB8CA /* Shots_ImplementingUITests.swift */; };
		85876D201FCC162400C80190 /* DummyData.swift in Sources */ = {isa = PBXBuildFile; fileRef = 85876D1F1FCC162400C80190 /* DummyData.swift */; };
		85A1345F1FC3604400F0E3E4 /* HomeViewController.swift in Sources */ = {isa = PBXBuildFile; fileRef = 85A1345E1FC3604400F0E3E4 /* HomeViewController.swift */; };
		98C3AD1CC8AA6384AC235448 /* Pods_Shots_ImplementingTests.framework in Frameworks */ = {isa = PBXBuildFile; fileRef = 2CEC1421A5601051883E1882 /* Pods_Shots_ImplementingTests.framework */; };
		CCFDBF3B39A78F8B1B8D175A /* Pods_Shots_ImplementingUITests.framework in Frameworks */ = {isa = PBXBuildFile; fileRef = 0DBC6188A1FD77D00C8893BE /* Pods_Shots_ImplementingUITests.framework */; };
/* End PBXBuildFile section */

/* Begin PBXContainerItemProxy section */
		8555E8471FBEE5EC00DAB8CA /* PBXContainerItemProxy */ = {
			isa = PBXContainerItemProxy;
			containerPortal = 8555E82A1FBEE5EC00DAB8CA /* Project object */;
			proxyType = 1;
			remoteGlobalIDString = 8555E8311FBEE5EC00DAB8CA;
			remoteInfo = "Shots-Implementing";
		};
		8555E8521FBEE5EC00DAB8CA /* PBXContainerItemProxy */ = {
			isa = PBXContainerItemProxy;
			containerPortal = 8555E82A1FBEE5EC00DAB8CA /* Project object */;
			proxyType = 1;
			remoteGlobalIDString = 8555E8311FBEE5EC00DAB8CA;
			remoteInfo = "Shots-Implementing";
		};
/* End PBXContainerItemProxy section */

/* Begin PBXFileReference section */
		0DBC6188A1FD77D00C8893BE /* Pods_Shots_ImplementingUITests.framework */ = {isa = PBXFileReference; explicitFileType = wrapper.framework; includeInIndex = 0; path = Pods_Shots_ImplementingUITests.framework; sourceTree = BUILT_PRODUCTS_DIR; };
		2CEC1421A5601051883E1882 /* Pods_Shots_ImplementingTests.framework */ = {isa = PBXFileReference; explicitFileType = wrapper.framework; includeInIndex = 0; path = Pods_Shots_ImplementingTests.framework; sourceTree = BUILT_PRODUCTS_DIR; };
		851255FF1FC6C5AA004A1CD1 /* DetailViewController.swift */ = {isa = PBXFileReference; lastKnownFileType = sourcecode.swift; path = DetailViewController.swift; sourceTree = "<group>"; };
		8555E8321FBEE5EC00DAB8CA /* Shots-Implementing.app */ = {isa = PBXFileReference; explicitFileType = wrapper.application; includeInIndex = 0; path = "Shots-Implementing.app"; sourceTree = BUILT_PRODUCTS_DIR; };
		8555E8351FBEE5EC00DAB8CA /* AppDelegate.swift */ = {isa = PBXFileReference; lastKnownFileType = sourcecode.swift; path = AppDelegate.swift; sourceTree = "<group>"; };
		8555E8371FBEE5EC00DAB8CA /* ViewController.swift */ = {isa = PBXFileReference; lastKnownFileType = sourcecode.swift; path = ViewController.swift; sourceTree = "<group>"; };
		8555E83A1FBEE5EC00DAB8CA /* Base */ = {isa = PBXFileReference; lastKnownFileType = file.storyboard; name = Base; path = Base.lproj/Main.storyboard; sourceTree = "<group>"; };
		8555E83C1FBEE5EC00DAB8CA /* Assets.xcassets */ = {isa = PBXFileReference; lastKnownFileType = folder.assetcatalog; path = Assets.xcassets; sourceTree = "<group>"; };
		8555E83F1FBEE5EC00DAB8CA /* Base */ = {isa = PBXFileReference; lastKnownFileType = file.storyboard; name = Base; path = Base.lproj/LaunchScreen.storyboard; sourceTree = "<group>"; };
		8555E8411FBEE5EC00DAB8CA /* Info.plist */ = {isa = PBXFileReference; lastKnownFileType = text.plist.xml; path = Info.plist; sourceTree = "<group>"; };
		8555E8461FBEE5EC00DAB8CA /* Shots-ImplementingTests.xctest */ = {isa = PBXFileReference; explicitFileType = wrapper.cfbundle; includeInIndex = 0; path = "Shots-ImplementingTests.xctest"; sourceTree = BUILT_PRODUCTS_DIR; };
		8555E84A1FBEE5EC00DAB8CA /* Shots_ImplementingTests.swift */ = {isa = PBXFileReference; lastKnownFileType = sourcecode.swift; path = Shots_ImplementingTests.swift; sourceTree = "<group>"; };
		8555E84C1FBEE5EC00DAB8CA /* Info.plist */ = {isa = PBXFileReference; lastKnownFileType = text.plist.xml; path = Info.plist; sourceTree = "<group>"; };
		8555E8511FBEE5EC00DAB8CA /* Shots-ImplementingUITests.xctest */ = {isa = PBXFileReference; explicitFileType = wrapper.cfbundle; includeInIndex = 0; path = "Shots-ImplementingUITests.xctest"; sourceTree = BUILT_PRODUCTS_DIR; };
		8555E8551FBEE5EC00DAB8CA /* Shots_ImplementingUITests.swift */ = {isa = PBXFileReference; lastKnownFileType = sourcecode.swift; path = Shots_ImplementingUITests.swift; sourceTree = "<group>"; };
		8555E8571FBEE5EC00DAB8CA /* Info.plist */ = {isa = PBXFileReference; lastKnownFileType = text.plist.xml; path = Info.plist; sourceTree = "<group>"; };
		85876D1F1FCC162400C80190 /* DummyData.swift */ = {isa = PBXFileReference; lastKnownFileType = sourcecode.swift; path = DummyData.swift; sourceTree = "<group>"; };
		85A1345E1FC3604400F0E3E4 /* HomeViewController.swift */ = {isa = PBXFileReference; lastKnownFileType = sourcecode.swift; path = HomeViewController.swift; sourceTree = "<group>"; };
		926D048468A7E21E68565A41 /* Pods-Shots-ImplementingUITests.debug.xcconfig */ = {isa = PBXFileReference; includeInIndex = 1; lastKnownFileType = text.xcconfig; name = "Pods-Shots-ImplementingUITests.debug.xcconfig"; path = "Pods/Target Support Files/Pods-Shots-ImplementingUITests/Pods-Shots-ImplementingUITests.debug.xcconfig"; sourceTree = "<group>"; };
		9FC185C4CCBEFB93165DFBB6 /* Pods_Shots_Implementing.framework */ = {isa = PBXFileReference; explicitFileType = wrapper.framework; includeInIndex = 0; path = Pods_Shots_Implementing.framework; sourceTree = BUILT_PRODUCTS_DIR; };
		B1B2F5D08EE728DEA0579EE4 /* Pods-Shots-ImplementingTests.release.xcconfig */ = {isa = PBXFileReference; includeInIndex = 1; lastKnownFileType = text.xcconfig; name = "Pods-Shots-ImplementingTests.release.xcconfig"; path = "Pods/Target Support Files/Pods-Shots-ImplementingTests/Pods-Shots-ImplementingTests.release.xcconfig"; sourceTree = "<group>"; };
		B70E6179A074E89CD32DE415 /* Pods-Shots-Implementing.debug.xcconfig */ = {isa = PBXFileReference; includeInIndex = 1; lastKnownFileType = text.xcconfig; name = "Pods-Shots-Implementing.debug.xcconfig"; path = "Pods/Target Support Files/Pods-Shots-Implementing/Pods-Shots-Implementing.debug.xcconfig"; sourceTree = "<group>"; };
		C53820299D7A05295652C890 /* Pods-Shots-ImplementingUITests.release.xcconfig */ = {isa = PBXFileReference; includeInIndex = 1; lastKnownFileType = text.xcconfig; name = "Pods-Shots-ImplementingUITests.release.xcconfig"; path = "Pods/Target Support Files/Pods-Shots-ImplementingUITests/Pods-Shots-ImplementingUITests.release.xcconfig"; sourceTree = "<group>"; };
		E28211E9E2C9832A9FBF8BC4 /* Pods-Shots-ImplementingTests.debug.xcconfig */ = {isa = PBXFileReference; includeInIndex = 1; lastKnownFileType = text.xcconfig; name = "Pods-Shots-ImplementingTests.debug.xcconfig"; path = "Pods/Target Support Files/Pods-Shots-ImplementingTests/Pods-Shots-ImplementingTests.debug.xcconfig"; sourceTree = "<group>"; };
		E366A4F615CE7CF064196ADF /* Pods-Shots-Implementing.release.xcconfig */ = {isa = PBXFileReference; includeInIndex = 1; lastKnownFileType = text.xcconfig; name = "Pods-Shots-Implementing.release.xcconfig"; path = "Pods/Target Support Files/Pods-Shots-Implementing/Pods-Shots-Implementing.release.xcconfig"; sourceTree = "<group>"; };
/* End PBXFileReference section */

/* Begin PBXFrameworksBuildPhase section */
		8555E82F1FBEE5EC00DAB8CA /* Frameworks */ = {
			isa = PBXFrameworksBuildPhase;
			buildActionMask = 2147483647;
			files = (
				0102E4B043FAB43D195C8214 /* Pods_Shots_Implementing.framework in Frameworks */,
			);
			runOnlyForDeploymentPostprocessing = 0;
		};
		8555E8431FBEE5EC00DAB8CA /* Frameworks */ = {
			isa = PBXFrameworksBuildPhase;
			buildActionMask = 2147483647;
			files = (
				98C3AD1CC8AA6384AC235448 /* Pods_Shots_ImplementingTests.framework in Frameworks */,
			);
			runOnlyForDeploymentPostprocessing = 0;
		};
		8555E84E1FBEE5EC00DAB8CA /* Frameworks */ = {
			isa = PBXFrameworksBuildPhase;
			buildActionMask = 2147483647;
			files = (
				CCFDBF3B39A78F8B1B8D175A /* Pods_Shots_ImplementingUITests.framework in Frameworks */,
			);
			runOnlyForDeploymentPostprocessing = 0;
		};
/* End PBXFrameworksBuildPhase section */

/* Begin PBXGroup section */
		1C13E9C3416ECEA7EB89799E /* Frameworks */ = {
			isa = PBXGroup;
			children = (
				9FC185C4CCBEFB93165DFBB6 /* Pods_Shots_Implementing.framework */,
				2CEC1421A5601051883E1882 /* Pods_Shots_ImplementingTests.framework */,
				0DBC6188A1FD77D00C8893BE /* Pods_Shots_ImplementingUITests.framework */,
			);
			name = Frameworks;
			sourceTree = "<group>";
		};
		3C43EC510C5ECD87FAFC9982 /* Pods */ = {
			isa = PBXGroup;
			children = (
				B70E6179A074E89CD32DE415 /* Pods-Shots-Implementing.debug.xcconfig */,
				E366A4F615CE7CF064196ADF /* Pods-Shots-Implementing.release.xcconfig */,
				E28211E9E2C9832A9FBF8BC4 /* Pods-Shots-ImplementingTests.debug.xcconfig */,
				B1B2F5D08EE728DEA0579EE4 /* Pods-Shots-ImplementingTests.release.xcconfig */,
				926D048468A7E21E68565A41 /* Pods-Shots-ImplementingUITests.debug.xcconfig */,
				C53820299D7A05295652C890 /* Pods-Shots-ImplementingUITests.release.xcconfig */,
			);
			name = Pods;
			sourceTree = "<group>";
		};
		8555E8291FBEE5EC00DAB8CA = {
			isa = PBXGroup;
			children = (
				8555E8341FBEE5EC00DAB8CA /* Shots-Implementing */,
				8555E8491FBEE5EC00DAB8CA /* Shots-ImplementingTests */,
				8555E8541FBEE5EC00DAB8CA /* Shots-ImplementingUITests */,
				8555E8331FBEE5EC00DAB8CA /* Products */,
				3C43EC510C5ECD87FAFC9982 /* Pods */,
				1C13E9C3416ECEA7EB89799E /* Frameworks */,
			);
			sourceTree = "<group>";
		};
		8555E8331FBEE5EC00DAB8CA /* Products */ = {
			isa = PBXGroup;
			children = (
				8555E8321FBEE5EC00DAB8CA /* Shots-Implementing.app */,
				8555E8461FBEE5EC00DAB8CA /* Shots-ImplementingTests.xctest */,
				8555E8511FBEE5EC00DAB8CA /* Shots-ImplementingUITests.xctest */,
			);
			name = Products;
			sourceTree = "<group>";
		};
		8555E8341FBEE5EC00DAB8CA /* Shots-Implementing */ = {
			isa = PBXGroup;
			children = (
				8555E8351FBEE5EC00DAB8CA /* AppDelegate.swift */,
				8555E8371FBEE5EC00DAB8CA /* ViewController.swift */,
				8555E8391FBEE5EC00DAB8CA /* Main.storyboard */,
				8555E83C1FBEE5EC00DAB8CA /* Assets.xcassets */,
				8555E83E1FBEE5EC00DAB8CA /* LaunchScreen.storyboard */,
				8555E8411FBEE5EC00DAB8CA /* Info.plist */,
				85A1345E1FC3604400F0E3E4 /* HomeViewController.swift */,
				851255FF1FC6C5AA004A1CD1 /* DetailViewController.swift */,
				85876D1F1FCC162400C80190 /* DummyData.swift */,
			);
			path = "Shots-Implementing";
			sourceTree = "<group>";
		};
		8555E8491FBEE5EC00DAB8CA /* Shots-ImplementingTests */ = {
			isa = PBXGroup;
			children = (
				8555E84A1FBEE5EC00DAB8CA /* Shots_ImplementingTests.swift */,
				8555E84C1FBEE5EC00DAB8CA /* Info.plist */,
			);
			path = "Shots-ImplementingTests";
			sourceTree = "<group>";
		};
		8555E8541FBEE5EC00DAB8CA /* Shots-ImplementingUITests */ = {
			isa = PBXGroup;
			children = (
				8555E8551FBEE5EC00DAB8CA /* Shots_ImplementingUITests.swift */,
				8555E8571FBEE5EC00DAB8CA /* Info.plist */,
			);
			path = "Shots-ImplementingUITests";
			sourceTree = "<group>";
		};
/* End PBXGroup section */

/* Begin PBXNativeTarget section */
		8555E8311FBEE5EC00DAB8CA /* Shots-Implementing */ = {
			isa = PBXNativeTarget;
			buildConfigurationList = 8555E85A1FBEE5EC00DAB8CA /* Build configuration list for PBXNativeTarget "Shots-Implementing" */;
			buildPhases = (
				50719B7AB62A99F711905A88 /* [CP] Check Pods Manifest.lock */,
				8555E82E1FBEE5EC00DAB8CA /* Sources */,
				8555E82F1FBEE5EC00DAB8CA /* Frameworks */,
				8555E8301FBEE5EC00DAB8CA /* Resources */,
				033291C16826E62EB0DFAF39 /* [CP] Embed Pods Frameworks */,
				5900E785BAB661FA862F8E59 /* [CP] Copy Pods Resources */,
			);
			buildRules = (
			);
			dependencies = (
			);
			name = "Shots-Implementing";
			productName = "Shots-Implementing";
			productReference = 8555E8321FBEE5EC00DAB8CA /* Shots-Implementing.app */;
			productType = "com.apple.product-type.application";
		};
		8555E8451FBEE5EC00DAB8CA /* Shots-ImplementingTests */ = {
			isa = PBXNativeTarget;
			buildConfigurationList = 8555E85D1FBEE5EC00DAB8CA /* Build configuration list for PBXNativeTarget "Shots-ImplementingTests" */;
			buildPhases = (
				E276E397195665BC3956E009 /* [CP] Check Pods Manifest.lock */,
				8555E8421FBEE5EC00DAB8CA /* Sources */,
				8555E8431FBEE5EC00DAB8CA /* Frameworks */,
				8555E8441FBEE5EC00DAB8CA /* Resources */,
				34122960D14D2C52B136E99F /* [CP] Embed Pods Frameworks */,
				9D17EC892B786B2A607C96D5 /* [CP] Copy Pods Resources */,
			);
			buildRules = (
			);
			dependencies = (
				8555E8481FBEE5EC00DAB8CA /* PBXTargetDependency */,
			);
			name = "Shots-ImplementingTests";
			productName = "Shots-ImplementingTests";
			productReference = 8555E8461FBEE5EC00DAB8CA /* Shots-ImplementingTests.xctest */;
			productType = "com.apple.product-type.bundle.unit-test";
		};
		8555E8501FBEE5EC00DAB8CA /* Shots-ImplementingUITests */ = {
			isa = PBXNativeTarget;
			buildConfigurationList = 8555E8601FBEE5EC00DAB8CA /* Build configuration list for PBXNativeTarget "Shots-ImplementingUITests" */;
			buildPhases = (
				913C327B7559A8DEB66A0B6C /* [CP] Check Pods Manifest.lock */,
				8555E84D1FBEE5EC00DAB8CA /* Sources */,
				8555E84E1FBEE5EC00DAB8CA /* Frameworks */,
				8555E84F1FBEE5EC00DAB8CA /* Resources */,
				DBECA3F3B8FF5F93D779590D /* [CP] Embed Pods Frameworks */,
				8D87540D67C44941470200BC /* [CP] Copy Pods Resources */,
			);
			buildRules = (
			);
			dependencies = (
				8555E8531FBEE5EC00DAB8CA /* PBXTargetDependency */,
			);
			name = "Shots-ImplementingUITests";
			productName = "Shots-ImplementingUITests";
			productReference = 8555E8511FBEE5EC00DAB8CA /* Shots-ImplementingUITests.xctest */;
			productType = "com.apple.product-type.bundle.ui-testing";
		};
/* End PBXNativeTarget section */

/* Begin PBXProject section */
		8555E82A1FBEE5EC00DAB8CA /* Project object */ = {
			isa = PBXProject;
			attributes = {
				LastSwiftUpdateCheck = 0910;
				LastUpgradeCheck = 0910;
				ORGANIZATIONNAME = "Jorge Luiz";
				TargetAttributes = {
					8555E8311FBEE5EC00DAB8CA = {
						CreatedOnToolsVersion = 9.1;
						ProvisioningStyle = Automatic;
					};
					8555E8451FBEE5EC00DAB8CA = {
						CreatedOnToolsVersion = 9.1;
						ProvisioningStyle = Automatic;
						TestTargetID = 8555E8311FBEE5EC00DAB8CA;
					};
					8555E8501FBEE5EC00DAB8CA = {
						CreatedOnToolsVersion = 9.1;
						ProvisioningStyle = Automatic;
						TestTargetID = 8555E8311FBEE5EC00DAB8CA;
					};
				};
			};
			buildConfigurationList = 8555E82D1FBEE5EC00DAB8CA /* Build configuration list for PBXProject "Shots-Implementing" */;
			compatibilityVersion = "Xcode 8.0";
			developmentRegion = en;
			hasScannedForEncodings = 0;
			knownRegions = (
				en,
				Base,
			);
			mainGroup = 8555E8291FBEE5EC00DAB8CA;
			productRefGroup = 8555E8331FBEE5EC00DAB8CA /* Products */;
			projectDirPath = "";
			projectRoot = "";
			targets = (
				8555E8311FBEE5EC00DAB8CA /* Shots-Implementing */,
				8555E8451FBEE5EC00DAB8CA /* Shots-ImplementingTests */,
				8555E8501FBEE5EC00DAB8CA /* Shots-ImplementingUITests */,
			);
		};
/* End PBXProject section */

/* Begin PBXResourcesBuildPhase section */
		8555E8301FBEE5EC00DAB8CA /* Resources */ = {
			isa = PBXResourcesBuildPhase;
			buildActionMask = 2147483647;
			files = (
				8555E8401FBEE5EC00DAB8CA /* LaunchScreen.storyboard in Resources */,
				8555E83D1FBEE5EC00DAB8CA /* Assets.xcassets in Resources */,
				8555E83B1FBEE5EC00DAB8CA /* Main.storyboard in Resources */,
			);
			runOnlyForDeploymentPostprocessing = 0;
		};
		8555E8441FBEE5EC00DAB8CA /* Resources */ = {
			isa = PBXResourcesBuildPhase;
			buildActionMask = 2147483647;
			files = (
			);
			runOnlyForDeploymentPostprocessing = 0;
		};
		8555E84F1FBEE5EC00DAB8CA /* Resources */ = {
			isa = PBXResourcesBuildPhase;
			buildActionMask = 2147483647;
			files = (
			);
			runOnlyForDeploymentPostprocessing = 0;
		};
/* End PBXResourcesBuildPhase section */

/* Begin PBXShellScriptBuildPhase section */
		033291C16826E62EB0DFAF39 /* [CP] Embed Pods Frameworks */ = {
			isa = PBXShellScriptBuildPhase;
			buildActionMask = 2147483647;
			files = (
			);
			inputPaths = (
				"${SRCROOT}/Pods/Target Support Files/Pods-Shots-Implementing/Pods-Shots-Implementing-frameworks.sh",
				"${BUILT_PRODUCTS_DIR}/Spring/Spring.framework",
			);
			name = "[CP] Embed Pods Frameworks";
			outputPaths = (
				"${TARGET_BUILD_DIR}/${FRAMEWORKS_FOLDER_PATH}/Spring.framework",
			);
			runOnlyForDeploymentPostprocessing = 0;
			shellPath = /bin/sh;
			shellScript = "\"${SRCROOT}/Pods/Target Support Files/Pods-Shots-Implementing/Pods-Shots-Implementing-frameworks.sh\"\n";
			showEnvVarsInLog = 0;
		};
		34122960D14D2C52B136E99F /* [CP] Embed Pods Frameworks */ = {
			isa = PBXShellScriptBuildPhase;
			buildActionMask = 2147483647;
			files = (
			);
			inputPaths = (
			);
			name = "[CP] Embed Pods Frameworks";
			outputPaths = (
			);
			runOnlyForDeploymentPostprocessing = 0;
			shellPath = /bin/sh;
			shellScript = "\"${SRCROOT}/Pods/Target Support Files/Pods-Shots-ImplementingTests/Pods-Shots-ImplementingTests-frameworks.sh\"\n";
			showEnvVarsInLog = 0;
		};
		50719B7AB62A99F711905A88 /* [CP] Check Pods Manifest.lock */ = {
			isa = PBXShellScriptBuildPhase;
			buildActionMask = 2147483647;
			files = (
			);
			inputPaths = (
				"${PODS_PODFILE_DIR_PATH}/Podfile.lock",
				"${PODS_ROOT}/Manifest.lock",
			);
			name = "[CP] Check Pods Manifest.lock";
			outputPaths = (
				"$(DERIVED_FILE_DIR)/Pods-Shots-Implementing-checkManifestLockResult.txt",
			);
			runOnlyForDeploymentPostprocessing = 0;
			shellPath = /bin/sh;
			shellScript = "diff \"${PODS_PODFILE_DIR_PATH}/Podfile.lock\" \"${PODS_ROOT}/Manifest.lock\" > /dev/null\nif [ $? != 0 ] ; then\n    # print error to STDERR\n    echo \"error: The sandbox is not in sync with the Podfile.lock. Run 'pod install' or update your CocoaPods installation.\" >&2\n    exit 1\nfi\n# This output is used by Xcode 'outputs' to avoid re-running this script phase.\necho \"SUCCESS\" > \"${SCRIPT_OUTPUT_FILE_0}\"\n";
			showEnvVarsInLog = 0;
		};
		5900E785BAB661FA862F8E59 /* [CP] Copy Pods Resources */ = {
			isa = PBXShellScriptBuildPhase;
			buildActionMask = 2147483647;
			files = (
			);
			inputPaths = (
			);
			name = "[CP] Copy Pods Resources";
			outputPaths = (
			);
			runOnlyForDeploymentPostprocessing = 0;
			shellPath = /bin/sh;
			shellScript = "\"${SRCROOT}/Pods/Target Support Files/Pods-Shots-Implementing/Pods-Shots-Implementing-resources.sh\"\n";
			showEnvVarsInLog = 0;
		};
		8D87540D67C44941470200BC /* [CP] Copy Pods Resources */ = {
			isa = PBXShellScriptBuildPhase;
			buildActionMask = 2147483647;
			files = (
			);
			inputPaths = (
			);
			name = "[CP] Copy Pods Resources";
			outputPaths = (
			);
			runOnlyForDeploymentPostprocessing = 0;
			shellPath = /bin/sh;
			shellScript = "\"${SRCROOT}/Pods/Target Support Files/Pods-Shots-ImplementingUITests/Pods-Shots-ImplementingUITests-resources.sh\"\n";
			showEnvVarsInLog = 0;
		};
		913C327B7559A8DEB66A0B6C /* [CP] Check Pods Manifest.lock */ = {
			isa = PBXShellScriptBuildPhase;
			buildActionMask = 2147483647;
			files = (
			);
			inputPaths = (
				"${PODS_PODFILE_DIR_PATH}/Podfile.lock",
				"${PODS_ROOT}/Manifest.lock",
			);
			name = "[CP] Check Pods Manifest.lock";
			outputPaths = (
				"$(DERIVED_FILE_DIR)/Pods-Shots-ImplementingUITests-checkManifestLockResult.txt",
			);
			runOnlyForDeploymentPostprocessing = 0;
			shellPath = /bin/sh;
			shellScript = "diff \"${PODS_PODFILE_DIR_PATH}/Podfile.lock\" \"${PODS_ROOT}/Manifest.lock\" > /dev/null\nif [ $? != 0 ] ; then\n    # print error to STDERR\n    echo \"error: The sandbox is not in sync with the Podfile.lock. Run 'pod install' or update your CocoaPods installation.\" >&2\n    exit 1\nfi\n# This output is used by Xcode 'outputs' to avoid re-running this script phase.\necho \"SUCCESS\" > \"${SCRIPT_OUTPUT_FILE_0}\"\n";
			showEnvVarsInLog = 0;
		};
		9D17EC892B786B2A607C96D5 /* [CP] Copy Pods Resources */ = {
			isa = PBXShellScriptBuildPhase;
			buildActionMask = 2147483647;
			files = (
			);
			inputPaths = (
			);
			name = "[CP] Copy Pods Resources";
			outputPaths = (
			);
			runOnlyForDeploymentPostprocessing = 0;
			shellPath = /bin/sh;
			shellScript = "\"${SRCROOT}/Pods/Target Support Files/Pods-Shots-ImplementingTests/Pods-Shots-ImplementingTests-resources.sh\"\n";
			showEnvVarsInLog = 0;
		};
		DBECA3F3B8FF5F93D779590D /* [CP] Embed Pods Frameworks */ = {
			isa = PBXShellScriptBuildPhase;
			buildActionMask = 2147483647;
			files = (
			);
			inputPaths = (
			);
			name = "[CP] Embed Pods Frameworks";
			outputPaths = (
			);
			runOnlyForDeploymentPostprocessing = 0;
			shellPath = /bin/sh;
			shellScript = "\"${SRCROOT}/Pods/Target Support Files/Pods-Shots-ImplementingUITests/Pods-Shots-ImplementingUITests-frameworks.sh\"\n";
			showEnvVarsInLog = 0;
		};
		E276E397195665BC3956E009 /* [CP] Check Pods Manifest.lock */ = {
			isa = PBXShellScriptBuildPhase;
			buildActionMask = 2147483647;
			files = (
			);
			inputPaths = (
				"${PODS_PODFILE_DIR_PATH}/Podfile.lock",
				"${PODS_ROOT}/Manifest.lock",
			);
			name = "[CP] Check Pods Manifest.lock";
			outputPaths = (
				"$(DERIVED_FILE_DIR)/Pods-Shots-ImplementingTests-checkManifestLockResult.txt",
			);
			runOnlyForDeploymentPostprocessing = 0;
			shellPath = /bin/sh;
			shellScript = "diff \"${PODS_PODFILE_DIR_PATH}/Podfile.lock\" \"${PODS_ROOT}/Manifest.lock\" > /dev/null\nif [ $? != 0 ] ; then\n    # print error to STDERR\n    echo \"error: The sandbox is not in sync with the Podfile.lock. Run 'pod install' or update your CocoaPods installation.\" >&2\n    exit 1\nfi\n# This output is used by Xcode 'outputs' to avoid re-running this script phase.\necho \"SUCCESS\" > \"${SCRIPT_OUTPUT_FILE_0}\"\n";
			showEnvVarsInLog = 0;
		};
/* End PBXShellScriptBuildPhase section */

/* Begin PBXSourcesBuildPhase section */
		8555E82E1FBEE5EC00DAB8CA /* Sources */ = {
			isa = PBXSourcesBuildPhase;
			buildActionMask = 2147483647;
			files = (
				8555E8381FBEE5EC00DAB8CA /* ViewController.swift in Sources */,
				8555E8361FBEE5EC00DAB8CA /* AppDelegate.swift in Sources */,
				85A1345F1FC3604400F0E3E4 /* HomeViewController.swift in Sources */,
				85876D201FCC162400C80190 /* DummyData.swift in Sources */,
				851256001FC6C5AA004A1CD1 /* DetailViewController.swift in Sources */,
			);
			runOnlyForDeploymentPostprocessing = 0;
		};
		8555E8421FBEE5EC00DAB8CA /* Sources */ = {
			isa = PBXSourcesBuildPhase;
			buildActionMask = 2147483647;
			files = (
				8555E84B1FBEE5EC00DAB8CA /* Shots_ImplementingTests.swift in Sources */,
			);
			runOnlyForDeploymentPostprocessing = 0;
		};
		8555E84D1FBEE5EC00DAB8CA /* Sources */ = {
			isa = PBXSourcesBuildPhase;
			buildActionMask = 2147483647;
			files = (
				8555E8561FBEE5EC00DAB8CA /* Shots_ImplementingUITests.swift in Sources */,
			);
			runOnlyForDeploymentPostprocessing = 0;
		};
/* End PBXSourcesBuildPhase section */

/* Begin PBXTargetDependency section */
		8555E8481FBEE5EC00DAB8CA /* PBXTargetDependency */ = {
			isa = PBXTargetDependency;
			target = 8555E8311FBEE5EC00DAB8CA /* Shots-Implementing */;
			targetProxy = 8555E8471FBEE5EC00DAB8CA /* PBXContainerItemProxy */;
		};
		8555E8531FBEE5EC00DAB8CA /* PBXTargetDependency */ = {
			isa = PBXTargetDependency;
			target = 8555E8311FBEE5EC00DAB8CA /* Shots-Implementing */;
			targetProxy = 8555E8521FBEE5EC00DAB8CA /* PBXContainerItemProxy */;
		};
/* End PBXTargetDependency section */

/* Begin PBXVariantGroup section */
		8555E8391FBEE5EC00DAB8CA /* Main.storyboard */ = {
			isa = PBXVariantGroup;
			children = (
				8555E83A1FBEE5EC00DAB8CA /* Base */,
			);
			name = Main.storyboard;
			sourceTree = "<group>";
		};
		8555E83E1FBEE5EC00DAB8CA /* LaunchScreen.storyboard */ = {
			isa = PBXVariantGroup;
			children = (
				8555E83F1FBEE5EC00DAB8CA /* Base */,
			);
			name = LaunchScreen.storyboard;
			sourceTree = "<group>";
		};
/* End PBXVariantGroup section */

/* Begin XCBuildConfiguration section */
		8555E8581FBEE5EC00DAB8CA /* Debug */ = {
			isa = XCBuildConfiguration;
			buildSettings = {
				ALWAYS_SEARCH_USER_PATHS = NO;
				CLANG_ANALYZER_NONNULL = YES;
				CLANG_ANALYZER_NUMBER_OBJECT_CONVERSION = YES_AGGRESSIVE;
				CLANG_CXX_LANGUAGE_STANDARD = "gnu++14";
				CLANG_CXX_LIBRARY = "libc++";
				CLANG_ENABLE_MODULES = YES;
				CLANG_ENABLE_OBJC_ARC = YES;
				CLANG_WARN_BLOCK_CAPTURE_AUTORELEASING = YES;
				CLANG_WARN_BOOL_CONVERSION = YES;
				CLANG_WARN_COMMA = YES;
				CLANG_WARN_CONSTANT_CONVERSION = YES;
				CLANG_WARN_DIRECT_OBJC_ISA_USAGE = YES_ERROR;
				CLANG_WARN_DOCUMENTATION_COMMENTS = YES;
				CLANG_WARN_EMPTY_BODY = YES;
				CLANG_WARN_ENUM_CONVERSION = YES;
				CLANG_WARN_INFINITE_RECURSION = YES;
				CLANG_WARN_INT_CONVERSION = YES;
				CLANG_WARN_NON_LITERAL_NULL_CONVERSION = YES;
				CLANG_WARN_OBJC_LITERAL_CONVERSION = YES;
				CLANG_WARN_OBJC_ROOT_CLASS = YES_ERROR;
				CLANG_WARN_RANGE_LOOP_ANALYSIS = YES;
				CLANG_WARN_STRICT_PROTOTYPES = YES;
				CLANG_WARN_SUSPICIOUS_MOVE = YES;
				CLANG_WARN_UNGUARDED_AVAILABILITY = YES_AGGRESSIVE;
				CLANG_WARN_UNREACHABLE_CODE = YES;
				CLANG_WARN__DUPLICATE_METHOD_MATCH = YES;
				CODE_SIGN_IDENTITY = "iPhone Developer";
				COPY_PHASE_STRIP = NO;
				DEBUG_INFORMATION_FORMAT = dwarf;
				ENABLE_STRICT_OBJC_MSGSEND = YES;
				ENABLE_TESTABILITY = YES;
				GCC_C_LANGUAGE_STANDARD = gnu11;
				GCC_DYNAMIC_NO_PIC = NO;
				GCC_NO_COMMON_BLOCKS = YES;
				GCC_OPTIMIZATION_LEVEL = 0;
				GCC_PREPROCESSOR_DEFINITIONS = (
					"DEBUG=1",
					"$(inherited)",
				);
				GCC_WARN_64_TO_32_BIT_CONVERSION = YES;
				GCC_WARN_ABOUT_RETURN_TYPE = YES_ERROR;
				GCC_WARN_UNDECLARED_SELECTOR = YES;
				GCC_WARN_UNINITIALIZED_AUTOS = YES_AGGRESSIVE;
				GCC_WARN_UNUSED_FUNCTION = YES;
				GCC_WARN_UNUSED_VARIABLE = YES;
				IPHONEOS_DEPLOYMENT_TARGET = 11.1;
				MTL_ENABLE_DEBUG_INFO = YES;
				ONLY_ACTIVE_ARCH = YES;
				SDKROOT = iphoneos;
				SWIFT_ACTIVE_COMPILATION_CONDITIONS = DEBUG;
				SWIFT_OPTIMIZATION_LEVEL = "-Onone";
			};
			name = Debug;
		};
		8555E8591FBEE5EC00DAB8CA /* Release */ = {
			isa = XCBuildConfiguration;
			buildSettings = {
				ALWAYS_SEARCH_USER_PATHS = NO;
				CLANG_ANALYZER_NONNULL = YES;
				CLANG_ANALYZER_NUMBER_OBJECT_CONVERSION = YES_AGGRESSIVE;
				CLANG_CXX_LANGUAGE_STANDARD = "gnu++14";
				CLANG_CXX_LIBRARY = "libc++";
				CLANG_ENABLE_MODULES = YES;
				CLANG_ENABLE_OBJC_ARC = YES;
				CLANG_WARN_BLOCK_CAPTURE_AUTORELEASING = YES;
				CLANG_WARN_BOOL_CONVERSION = YES;
				CLANG_WARN_COMMA = YES;
				CLANG_WARN_CONSTANT_CONVERSION = YES;
				CLANG_WARN_DIRECT_OBJC_ISA_USAGE = YES_ERROR;
				CLANG_WARN_DOCUMENTATION_COMMENTS = YES;
				CLANG_WARN_EMPTY_BODY = YES;
				CLANG_WARN_ENUM_CONVERSION = YES;
				CLANG_WARN_INFINITE_RECURSION = YES;
				CLANG_WARN_INT_CONVERSION = YES;
				CLANG_WARN_NON_LITERAL_NULL_CONVERSION = YES;
				CLANG_WARN_OBJC_LITERAL_CONVERSION = YES;
				CLANG_WARN_OBJC_ROOT_CLASS = YES_ERROR;
				CLANG_WARN_RANGE_LOOP_ANALYSIS = YES;
				CLANG_WARN_STRICT_PROTOTYPES = YES;
				CLANG_WARN_SUSPICIOUS_MOVE = YES;
				CLANG_WARN_UNGUARDED_AVAILABILITY = YES_AGGRESSIVE;
				CLANG_WARN_UNREACHABLE_CODE = YES;
				CLANG_WARN__DUPLICATE_METHOD_MATCH = YES;
				CODE_SIGN_IDENTITY = "iPhone Developer";
				COPY_PHASE_STRIP = NO;
				DEBUG_INFORMATION_FORMAT = "dwarf-with-dsym";
				ENABLE_NS_ASSERTIONS = NO;
				ENABLE_STRICT_OBJC_MSGSEND = YES;
				GCC_C_LANGUAGE_STANDARD = gnu11;
				GCC_NO_COMMON_BLOCKS = YES;
				GCC_WARN_64_TO_32_BIT_CONVERSION = YES;
				GCC_WARN_ABOUT_RETURN_TYPE = YES_ERROR;
				GCC_WARN_UNDECLARED_SELECTOR = YES;
				GCC_WARN_UNINITIALIZED_AUTOS = YES_AGGRESSIVE;
				GCC_WARN_UNUSED_FUNCTION = YES;
				GCC_WARN_UNUSED_VARIABLE = YES;
				IPHONEOS_DEPLOYMENT_TARGET = 11.1;
				MTL_ENABLE_DEBUG_INFO = NO;
				SDKROOT = iphoneos;
				SWIFT_OPTIMIZATION_LEVEL = "-Owholemodule";
				VALIDATE_PRODUCT = YES;
			};
			name = Release;
		};
		8555E85B1FBEE5EC00DAB8CA /* Debug */ = {
			isa = XCBuildConfiguration;
			baseConfigurationReference = B70E6179A074E89CD32DE415 /* Pods-Shots-Implementing.debug.xcconfig */;
			buildSettings = {
				ASSETCATALOG_COMPILER_APPICON_NAME = AppIcon;
				CODE_SIGN_STYLE = Automatic;
				DEVELOPMENT_TEAM = 759CRXV96H;
				INFOPLIST_FILE = "Shots-Implementing/Info.plist";
				LD_RUNPATH_SEARCH_PATHS = "$(inherited) @executable_path/Frameworks";
				PRODUCT_BUNDLE_IDENTIFIER = "atom.com.Shots-Implementing";
				PRODUCT_NAME = "$(TARGET_NAME)";
				SWIFT_VERSION = 4.0;
				TARGETED_DEVICE_FAMILY = "1,2";
			};
			name = Debug;
		};
		8555E85C1FBEE5EC00DAB8CA /* Release */ = {
			isa = XCBuildConfiguration;
			baseConfigurationReference = E366A4F615CE7CF064196ADF /* Pods-Shots-Implementing.release.xcconfig */;
			buildSettings = {
				ASSETCATALOG_COMPILER_APPICON_NAME = AppIcon;
				CODE_SIGN_STYLE = Automatic;
				DEVELOPMENT_TEAM = 759CRXV96H;
				INFOPLIST_FILE = "Shots-Implementing/Info.plist";
				LD_RUNPATH_SEARCH_PATHS = "$(inherited) @executable_path/Frameworks";
				PRODUCT_BUNDLE_IDENTIFIER = "atom.com.Shots-Implementing";
				PRODUCT_NAME = "$(TARGET_NAME)";
				SWIFT_VERSION = 4.0;
				TARGETED_DEVICE_FAMILY = "1,2";
			};
			name = Release;
		};
		8555E85E1FBEE5EC00DAB8CA /* Debug */ = {
			isa = XCBuildConfiguration;
			baseConfigurationReference = E28211E9E2C9832A9FBF8BC4 /* Pods-Shots-ImplementingTests.debug.xcconfig */;
			buildSettings = {
				ALWAYS_EMBED_SWIFT_STANDARD_LIBRARIES = YES;
				BUNDLE_LOADER = "$(TEST_HOST)";
				CODE_SIGN_STYLE = Automatic;
				DEVELOPMENT_TEAM = 759CRXV96H;
				INFOPLIST_FILE = "Shots-ImplementingTests/Info.plist";
				LD_RUNPATH_SEARCH_PATHS = "$(inherited) @executable_path/Frameworks @loader_path/Frameworks";
				PRODUCT_BUNDLE_IDENTIFIER = "atom.com.Shots-ImplementingTests";
				PRODUCT_NAME = "$(TARGET_NAME)";
				SWIFT_VERSION = 4.0;
				TARGETED_DEVICE_FAMILY = "1,2";
				TEST_HOST = "$(BUILT_PRODUCTS_DIR)/Shots-Implementing.app/Shots-Implementing";
			};
			name = Debug;
		};
		8555E85F1FBEE5EC00DAB8CA /* Release */ = {
			isa = XCBuildConfiguration;
			baseConfigurationReference = B1B2F5D08EE728DEA0579EE4 /* Pods-Shots-ImplementingTests.release.xcconfig */;
			buildSettings = {
				ALWAYS_EMBED_SWIFT_STANDARD_LIBRARIES = YES;
				BUNDLE_LOADER = "$(TEST_HOST)";
				CODE_SIGN_STYLE = Automatic;
				DEVELOPMENT_TEAM = 759CRXV96H;
				INFOPLIST_FILE = "Shots-ImplementingTests/Info.plist";
				LD_RUNPATH_SEARCH_PATHS = "$(inherited) @executable_path/Frameworks @loader_path/Frameworks";
				PRODUCT_BUNDLE_IDENTIFIER = "atom.com.Shots-ImplementingTests";
				PRODUCT_NAME = "$(TARGET_NAME)";
				SWIFT_VERSION = 4.0;
				TARGETED_DEVICE_FAMILY = "1,2";
				TEST_HOST = "$(BUILT_PRODUCTS_DIR)/Shots-Implementing.app/Shots-Implementing";
			};
			name = Release;
		};
		8555E8611FBEE5EC00DAB8CA /* Debug */ = {
			isa = XCBuildConfiguration;
			baseConfigurationReference = 926D048468A7E21E68565A41 /* Pods-Shots-ImplementingUITests.debug.xcconfig */;
			buildSettings = {
				ALWAYS_EMBED_SWIFT_STANDARD_LIBRARIES = YES;
				CODE_SIGN_STYLE = Automatic;
				DEVELOPMENT_TEAM = 759CRXV96H;
				INFOPLIST_FILE = "Shots-ImplementingUITests/Info.plist";
				LD_RUNPATH_SEARCH_PATHS = "$(inherited) @executable_path/Frameworks @loader_path/Frameworks";
				PRODUCT_BUNDLE_IDENTIFIER = "atom.com.Shots-ImplementingUITests";
				PRODUCT_NAME = "$(TARGET_NAME)";
				SWIFT_VERSION = 4.0;
				TARGETED_DEVICE_FAMILY = "1,2";
				TEST_TARGET_NAME = "Shots-Implementing";
			};
			name = Debug;
		};
		8555E8621FBEE5EC00DAB8CA /* Release */ = {
			isa = XCBuildConfiguration;
			baseConfigurationReference = C53820299D7A05295652C890 /* Pods-Shots-ImplementingUITests.release.xcconfig */;
			buildSettings = {
				ALWAYS_EMBED_SWIFT_STANDARD_LIBRARIES = YES;
				CODE_SIGN_STYLE = Automatic;
				DEVELOPMENT_TEAM = 759CRXV96H;
				INFOPLIST_FILE = "Shots-ImplementingUITests/Info.plist";
				LD_RUNPATH_SEARCH_PATHS = "$(inherited) @executable_path/Frameworks @loader_path/Frameworks";
				PRODUCT_BUNDLE_IDENTIFIER = "atom.com.Shots-ImplementingUITests";
				PRODUCT_NAME = "$(TARGET_NAME)";
				SWIFT_VERSION = 4.0;
				TARGETED_DEVICE_FAMILY = "1,2";
				TEST_TARGET_NAME = "Shots-Implementing";
			};
			name = Release;
		};
/* End XCBuildConfiguration section */

/* Begin XCConfigurationList section */
		8555E82D1FBEE5EC00DAB8CA /* Build configuration list for PBXProject "Shots-Implementing" */ = {
			isa = XCConfigurationList;
			buildConfigurations = (
				8555E8581FBEE5EC00DAB8CA /* Debug */,
				8555E8591FBEE5EC00DAB8CA /* Release */,
			);
			defaultConfigurationIsVisible = 0;
			defaultConfigurationName = Release;
		};
		8555E85A1FBEE5EC00DAB8CA /* Build configuration list for PBXNativeTarget "Shots-Implementing" */ = {
			isa = XCConfigurationList;
			buildConfigurations = (
				8555E85B1FBEE5EC00DAB8CA /* Debug */,
				8555E85C1FBEE5EC00DAB8CA /* Release */,
			);
			defaultConfigurationIsVisible = 0;
			defaultConfigurationName = Release;
		};
		8555E85D1FBEE5EC00DAB8CA /* Build configuration list for PBXNativeTarget "Shots-ImplementingTests" */ = {
			isa = XCConfigurationList;
			buildConfigurations = (
				8555E85E1FBEE5EC00DAB8CA /* Debug */,
				8555E85F1FBEE5EC00DAB8CA /* Release */,
			);
			defaultConfigurationIsVisible = 0;
			defaultConfigurationName = Release;
		};
		8555E8601FBEE5EC00DAB8CA /* Build configuration list for PBXNativeTarget "Shots-ImplementingUITests" */ = {
			isa = XCConfigurationList;
			buildConfigurations = (
				8555E8611FBEE5EC00DAB8CA /* Debug */,
				8555E8621FBEE5EC00DAB8CA /* Release */,
			);
			defaultConfigurationIsVisible = 0;
			defaultConfigurationName = Release;
		};
/* End XCConfigurationList section */
	};
	rootObject = 8555E82A1FBEE5EC00DAB8CA /* Project object */;
}
